
Microsoft Visual Studio Solution File, Format Version 12.00
# Visual Studio Version 16
VisualStudioVersion = 16.0.30104.148
MinimumVisualStudioVersion = 10.0.40219.1
Project("{FAE04EC0-301F-11D3-BF4B-00C04F79EFBC}") = "Test.api", "Test.api\Test.api.csproj", "{2CA0DADE-D5B1-41E3-9AC8-D326B4B3E01C}"
EndProject
Global
	GlobalSection(SolutionConfigurationPlatforms) = preSolution
		Debug|Any CPU = Debug|Any CPU
		Release|Any CPU = Release|Any CPU
	EndGlobalSection
	GlobalSection(ProjectConfigurationPlatforms) = postSolution
		{2CA0DADE-D5B1-41E3-9AC8-D326B4B3E01C}.Debug|Any CPU.ActiveCfg = Debug|Any CPU
		{2CA0DADE-D5B1-41E3-9AC8-D326B4B3E01C}.Debug|Any CPU.Build.0 = Debug|Any CPU
		{2CA0DADE-D5B1-41E3-9AC8-D326B4B3E01C}.Release|Any CPU.ActiveCfg = Release|Any CPU
		{2CA0DADE-D5B1-41E3-9AC8-D326B4B3E01C}.Release|Any CPU.Build.0 = Release|Any CPU
	EndGlobalSection
	GlobalSection(SolutionProperties) = preSolution
		HideSolutionNode = FALSE
	EndGlobalSection
	GlobalSection(ExtensibilityGlobals) = postSolution
		SolutionGuid = {93CB6F2A-37EE-4CBA-8C61-D7C89EBF16FC}
	EndGlobalSection
EndGlobal
